{
  "name": "@ping/web3ui",
  "version": "0.3.3",
  "lockfileVersion": 3,
  "requires": true,
  "packages": {
    "": {
      "name": "@ping/web3ui",
      "version": "0.3.3",
      "license": "MIT",
      "devDependencies": {
        "@types/node": "^20.0.0",
        "typescript": "^5.0.0"
      },
      "peerDependencies": {
        "@lens-protocol/client": "*"
      }
    },
    "node_modules/@0no-co/graphql.web": {
      "version": "1.1.2",
      "resolved": "https://registry.npmjs.org/@0no-co/graphql.web/-/graphql.web-1.1.2.tgz",
      "integrity": "sha512-N2NGsU5FLBhT8NZ+3l2YrzZSHITjNXNuDhC4iDiikv0IujaJ0Xc6xIxQZ/Ek3Cb+rgPjnLHYyJm11tInuJn+cw==",
      "license": "MIT",
      "peer": true,
      "peerDependencies": {
        "graphql": "^14.0.0 || ^15.0.0 || ^16.0.0"
      },
      "peerDependenciesMeta": {
        "graphql": {
          "optional": true
        }
      }
    },
    "node_modules/@0no-co/graphqlsp": {
      "version": "1.14.0",
      "resolved": "https://registry.npmjs.org/@0no-co/graphqlsp/-/graphqlsp-1.14.0.tgz",
      "integrity": "sha512-rgOJ0Bj9UFBmE7BfUGhsqYPYqPwCk1MCggoYN4NUSdX6gpqatNuzHNB2wHcAd9xdY55jHNRhHy5NsgwY6EGgmg==",
      "license": "MIT",
      "peer": true,
      "dependencies": {
        "@gql.tada/internal": "^1.0.0",
        "graphql": "^15.5.0 || ^16.0.0 || ^17.0.0"
      },
      "peerDependencies": {
        "graphql": "^15.5.0 || ^16.0.0 || ^17.0.0",
        "typescript": "^5.0.0"
      }
    },
    "node_modules/@gql.tada/cli-utils": {
      "version": "1.7.0",
      "resolved": "https://registry.npmjs.org/@gql.tada/cli-utils/-/cli-utils-1.7.0.tgz",
      "integrity": "sha512-Jj74qfIplT+MzUUWABeUJxHF5lxiyOJpE4ENeIOwvcPAi+QYoxsKNj/aPcGAk2jK5CrP9aFtE5O7794q2rWjlQ==",
      "license": "MIT",
      "peer": true,
      "dependencies": {
        "@0no-co/graphqlsp": "^1.12.13",
        "@gql.tada/internal": "1.0.8",
        "graphql": "^15.5.0 || ^16.0.0 || ^17.0.0"
      },
      "peerDependencies": {
        "@0no-co/graphqlsp": "^1.12.13",
        "@gql.tada/svelte-support": "1.0.1",
        "@gql.tada/vue-support": "1.0.1",
        "graphql": "^15.5.0 || ^16.0.0 || ^17.0.0",
        "typescript": "^5.0.0"
      },
      "peerDependenciesMeta": {
        "@gql.tada/svelte-support": {
          "optional": true
        },
        "@gql.tada/vue-support": {
          "optional": true
        }
      }
    },
    "node_modules/@gql.tada/internal": {
      "version": "1.0.8",
      "resolved": "https://registry.npmjs.org/@gql.tada/internal/-/internal-1.0.8.tgz",
      "integrity": "sha512-XYdxJhtHC5WtZfdDqtKjcQ4d7R1s0d1rnlSs3OcBEUbYiPoJJfZU7tWsVXuv047Z6msvmr4ompJ7eLSK5Km57g==",
      "license": "MIT",
      "peer": true,
      "dependencies": {
        "@0no-co/graphql.web": "^1.0.5"
      },
      "peerDependencies": {
        "graphql": "^15.5.0 || ^16.0.0 || ^17.0.0",
        "typescript": "^5.0.0"
      }
    },
    "node_modules/@lens-protocol/client": {
      "version": "0.0.0-canary-20250430134539",
      "resolved": "https://registry.npmjs.org/@lens-protocol/client/-/client-0.0.0-canary-20250430134539.tgz",
      "integrity": "sha512-vVG89Fw27FvSKeV9sxr6OzxKqoP1gib7dT0hj17/4pNt0NMPq5tROyCj4OngWXIpH5Z0OpiFBOR73kBZ4USoTg==",
      "license": "MIT",
      "peer": true,
      "dependencies": {
        "@lens-protocol/env": "0.0.0-canary-20250430134539",
        "@lens-protocol/graphql": "0.0.0-canary-20250430134539",
        "@lens-protocol/storage": "0.0.0-canary-20250430134539",
        "@lens-protocol/types": "0.0.0-canary-20250430134539",
        "@urql/core": "^5.0.8",
        "@urql/exchange-auth": "^2.2.0",
        "graphql": "^16.9.0",
        "jwt-decode": "^4.0.0"
      },
      "peerDependencies": {
        "@lens-chain/sdk": "^1.0.0",
        "ethers": "^6.13.4",
        "viem": "^2.21.53",
        "zksync-ethers": "^6.15.3"
      },
      "peerDependenciesMeta": {
        "@lens-chain/sdk": {
          "optional": true
        },
        "ethers": {
          "optional": true
        },
        "viem": {
          "optional": true
        },
        "zksync-ethers": {
          "optional": true
        }
      }
    },
    "node_modules/@lens-protocol/env": {
      "version": "0.0.0-canary-20250430134539",
      "resolved": "https://registry.npmjs.org/@lens-protocol/env/-/env-0.0.0-canary-20250430134539.tgz",
      "integrity": "sha512-aZqxaeW22tBdz9sc6+7eFHp86sKNzQ1Snabpr9vT4vn8oxlDt6XTQL/Fxhm0e33wQff5/aOirs6iQ7swhTbiZg==",
      "license": "MIT",
      "peer": true,
      "dependencies": {
        "@lens-protocol/types": "0.0.0-canary-20250430134539"
      }
    },
    "node_modules/@lens-protocol/graphql": {
      "version": "0.0.0-canary-20250430134539",
      "resolved": "https://registry.npmjs.org/@lens-protocol/graphql/-/graphql-0.0.0-canary-20250430134539.tgz",
      "integrity": "sha512-PA7ZMLh5muiwJXP9bQqEReOH6WKWru3cM96E4yLv1c7qBsP7hn0MIu+QrUUUut4lQuQpOYonstMb0Cn4N5Nh5Q==",
      "license": "MIT",
      "peer": true,
      "dependencies": {
        "@lens-protocol/types": "0.0.0-canary-20250430134539",
        "gql.tada": "^1.8.10",
        "graphql": "^16.9.0",
        "type-fest": "^4.26.1"
      }
    },
    "node_modules/@lens-protocol/storage": {
      "version": "0.0.0-canary-20250430134539",
      "resolved": "https://registry.npmjs.org/@lens-protocol/storage/-/storage-0.0.0-canary-20250430134539.tgz",
      "integrity": "sha512-ja1teDhpCqLxwVGngJuTuy32ppKxxW2dr7G9f//vxNgoV93u2BNrcqJ/sEWTskok1gKMgRCpruyLWr4KN+VQog==",
      "license": "MIT",
      "peer": true,
      "dependencies": {
        "@lens-protocol/types": "0.0.0-canary-20250430134539",
        "zod": "^3.23.8"
      }
    },
    "node_modules/@lens-protocol/types": {
      "version": "0.0.0-canary-20250430134539",
      "resolved": "https://registry.npmjs.org/@lens-protocol/types/-/types-0.0.0-canary-20250430134539.tgz",
      "integrity": "sha512-7JtfJpYfSC8P+t3w2lzaSgXbH1IvQpo/pxunnztl9TktIqHbnkxiRHKLWffvOqVo3JpLVb3Cye1/nLhV7ENSQA==",
      "license": "MIT",
      "peer": true,
      "dependencies": {
        "neverthrow": "^8.0.0",
        "type-fest": "^4.26.1"
      }
    },
    "node_modules/@rollup/rollup-linux-x64-gnu": {
      "version": "4.45.1",
      "resolved": "https://registry.npmjs.org/@rollup/rollup-linux-x64-gnu/-/rollup-linux-x64-gnu-4.45.1.tgz",
      "integrity": "sha512-+E/lYl6qu1zqgPEnTrs4WysQtvc/Sh4fC2nByfFExqgYrqkKWp1tWIbe+ELhixnenSpBbLXNi6vbEEJ8M7fiHw==",
      "cpu": [
        "x64"
      ],
      "license": "MIT",
      "optional": true,
      "os": [
        "linux"
      ],
      "peer": true
    },
    "node_modules/@types/node": {
      "version": "20.19.9",
      "resolved": "https://registry.npmjs.org/@types/node/-/node-20.19.9.tgz",
      "integrity": "sha512-cuVNgarYWZqxRJDQHEB58GEONhOK79QVR/qYx4S7kcUObQvUwvFnYxJuuHUKm2aieN9X3yZB4LZsuYNU1Qphsw==",
      "dev": true,
      "license": "MIT",
      "dependencies": {
        "undici-types": "~6.21.0"
      }
    },
    "node_modules/@urql/core": {
      "version": "5.2.0",
      "resolved": "https://registry.npmjs.org/@urql/core/-/core-5.2.0.tgz",
      "integrity": "sha512-/n0ieD0mvvDnVAXEQgX/7qJiVcvYvNkOHeBvkwtylfjydar123caCXcl58PXFY11oU1oquJocVXHxLAbtv4x1A==",
      "license": "MIT",
      "peer": true,
      "dependencies": {
        "@0no-co/graphql.web": "^1.0.13",
        "wonka": "^6.3.2"
      }
    },
    "node_modules/@urql/exchange-auth": {
      "version": "2.2.1",
      "resolved": "https://registry.npmjs.org/@urql/exchange-auth/-/exchange-auth-2.2.1.tgz",
      "integrity": "sha512-n4xUxxjvY36GJh539sLaPFyvFzreADOv8EFQdTiXOCIRVoXXhWVVI7DjY/HNtLICfbg1+UlbvQ7sNkwaBouDHg==",
      "license": "MIT",
      "peer": true,
      "dependencies": {
        "@urql/core": "^5.1.1",
        "wonka": "^6.3.2"
      },
      "peerDependencies": {
        "@urql/core": "^5.0.0"
      }
    },
    "node_modules/gql.tada": {
      "version": "1.8.12",
      "resolved": "https://registry.npmjs.org/gql.tada/-/gql.tada-1.8.12.tgz",
      "integrity": "sha512-VuHbhYyhPN7XDc06Gl3jYWxMlqa1MLX5xbrmbBbzelX/+M5khxDsNBE7FvTEvAmx0RyLyDkEtRPWRfIdMCTKTw==",
      "license": "MIT",
      "peer": true,
      "dependencies": {
        "@0no-co/graphql.web": "^1.0.5",
        "@0no-co/graphqlsp": "^1.12.13",
        "@gql.tada/cli-utils": "1.7.0",
        "@gql.tada/internal": "1.0.8"
      },
      "bin": {
        "gql-tada": "bin/cli.js",
        "gql.tada": "bin/cli.js"
      },
      "peerDependencies": {
        "typescript": "^5.0.0"
      }
    },
    "node_modules/graphql": {
      "version": "16.11.0",
      "resolved": "https://registry.npmjs.org/graphql/-/graphql-16.11.0.tgz",
      "integrity": "sha512-mS1lbMsxgQj6hge1XZ6p7GPhbrtFwUFYi3wRzXAC/FmYnyXMTvvI3td3rjmQ2u8ewXueaSvRPWaEcgVVOT9Jnw==",
      "license": "MIT",
      "peer": true,
      "engines": {
        "node": "^12.22.0 || ^14.16.0 || ^16.0.0 || >=17.0.0"
      }
    },
    "node_modules/jwt-decode": {
      "version": "4.0.0",
      "resolved": "https://registry.npmjs.org/jwt-decode/-/jwt-decode-4.0.0.tgz",
      "integrity": "sha512-+KJGIyHgkGuIq3IEBNftfhW/LfWhXUIY6OmyVWjliu5KH1y0fw7VQ8YndE2O4qZdMSd9SqbnC8GOcZEy0Om7sA==",
      "license": "MIT",
      "peer": true,
      "engines": {
        "node": ">=18"
      }
    },
    "node_modules/neverthrow": {
      "version": "8.2.0",
      "resolved": "https://registry.npmjs.org/neverthrow/-/neverthrow-8.2.0.tgz",
      "integrity": "sha512-kOCT/1MCPAxY5iUV3wytNFUMUolzuwd/VF/1KCx7kf6CutrOsTie+84zTGTpgQycjvfLdBBdvBvFLqFD2c0wkQ==",
      "license": "MIT",
      "peer": true,
      "engines": {
        "node": ">=18"
      },
      "optionalDependencies": {
        "@rollup/rollup-linux-x64-gnu": "^4.24.0"
      }
    },
    "node_modules/type-fest": {
      "version": "4.41.0",
      "resolved": "https://registry.npmjs.org/type-fest/-/type-fest-4.41.0.tgz",
      "integrity": "sha512-TeTSQ6H5YHvpqVwBRcnLDCBnDOHWYu7IvGbHT6N8AOymcr9PJGjc1GTtiWZTYg0NCgYwvnYWEkVChQAr9bjfwA==",
      "license": "(MIT OR CC0-1.0)",
      "peer": true,
      "engines": {
        "node": ">=16"
      },
      "funding": {
        "url": "https://github.com/sponsors/sindresorhus"
      }
    },
    "node_modules/typescript": {
      "version": "5.8.3",
      "resolved": "https://registry.npmjs.org/typescript/-/typescript-5.8.3.tgz",
      "integrity": "sha512-p1diW6TqL9L07nNxvRMM7hMMw4c5XOo/1ibL4aAIGmSAt9slTE1Xgw5KWuof2uTOvCg9BY7ZRi+GaF+7sfgPeQ==",
      "license": "Apache-2.0",
      "bin": {
        "tsc": "bin/tsc",
        "tsserver": "bin/tsserver"
      },
      "engines": {
        "node": ">=14.17"
      }
    },
    "node_modules/undici-types": {
      "version": "6.21.0",
      "resolved": "https://registry.npmjs.org/undici-types/-/undici-types-6.21.0.tgz",
      "integrity": "sha512-iwDZqg0QAGrg9Rav5H4n0M64c3mkR59cJ6wQp+7C4nI0gsmExaedaYLNO44eT4AtBBwjbTiGPMlt2Md0T9H9JQ==",
      "dev": true,
      "license": "MIT"
    },
    "node_modules/wonka": {
      "version": "6.3.5",
      "resolved": "https://registry.npmjs.org/wonka/-/wonka-6.3.5.tgz",
      "integrity": "sha512-SSil+ecw6B4/Dm7Pf2sAshKQ5hWFvfyGlfPbEd6A14dOH6VDjrmbY86u6nZvy9omGwwIPFR8V41+of1EezgoUw==",
      "license": "MIT",
      "peer": true
    },
    "node_modules/zod": {
      "version": "3.25.76",
      "resolved": "https://registry.npmjs.org/zod/-/zod-3.25.76.tgz",
      "integrity": "sha512-gzUt/qt81nXsFGKIFcC3YnfEAx5NkunCfnDlvuBSSFS02bcXu4Lmea0AFIUwbLWxWPx3d9p8S5QoaujKcNQxcQ==",
      "license": "MIT",
      "peer": true,
      "funding": {
        "url": "https://github.com/sponsors/colinhacks"
      }
    }
  }
}
